
Microsoft Visual Studio Solution File, Format Version 12.00
# Visual Studio 2012
Project("{FAE04EC0-301F-11D3-BF4B-00C04F79EFBC}") = "PieQ", "PieQ\PieQ.csproj", "{A6D63678-EF2A-449E-85DA-C61B6F76E10B}"
EndProject
Project("{FAE04EC0-301F-11D3-BF4B-00C04F79EFBC}") = "PieQ.Tests", "PieQ.Tests\PieQ.Tests.csproj", "{372ABFA4-7B7C-4A71-AEEE-E6C5AD71205F}"
EndProject
Global
	GlobalSection(SolutionConfigurationPlatforms) = preSolution
		Debug|Any CPU = Debug|Any CPU
		Release|Any CPU = Release|Any CPU
	EndGlobalSection
	GlobalSection(ProjectConfigurationPlatforms) = postSolution
		{A6D63678-EF2A-449E-85DA-C61B6F76E10B}.Debug|Any CPU.ActiveCfg = Debug|Any CPU
		{A6D63678-EF2A-449E-85DA-C61B6F76E10B}.Debug|Any CPU.Build.0 = Debug|Any CPU
		{A6D63678-EF2A-449E-85DA-C61B6F76E10B}.Release|Any CPU.ActiveCfg = Release|Any CPU
		{A6D63678-EF2A-449E-85DA-C61B6F76E10B}.Release|Any CPU.Build.0 = Release|Any CPU
		{372ABFA4-7B7C-4A71-AEEE-E6C5AD71205F}.Debug|Any CPU.ActiveCfg = Debug|Any CPU
		{372ABFA4-7B7C-4A71-AEEE-E6C5AD71205F}.Debug|Any CPU.Build.0 = Debug|Any CPU
		{372ABFA4-7B7C-4A71-AEEE-E6C5AD71205F}.Release|Any CPU.ActiveCfg = Release|Any CPU
		{372ABFA4-7B7C-4A71-AEEE-E6C5AD71205F}.Release|Any CPU.Build.0 = Release|Any CPU
	EndGlobalSection
	GlobalSection(SolutionProperties) = preSolution
		HideSolutionNode = FALSE
	EndGlobalSection
EndGlobal
